
Microsoft Visual Studio Solution File, Format Version 12.00
# Visual Studio 15
VisualStudioVersion = 15.0.27703.2035
MinimumVisualStudioVersion = 10.0.40219.1
Project("{FAE04EC0-301F-11D3-BF4B-00C04F79EFBC}") = "WpfHtml", "WpfHtml\WpfHtml.csproj", "{8849A4E0-C267-44EE-928E-2622A4ED4EE1}"
EndProject
Global
	GlobalSection(SolutionConfigurationPlatforms) = preSolution
		Debug|Any CPU = Debug|Any CPU
		Release|Any CPU = Release|Any CPU
	EndGlobalSection
	GlobalSection(ProjectConfigurationPlatforms) = postSolution
		{8849A4E0-C267-44EE-928E-2622A4ED4EE1}.Debug|Any CPU.ActiveCfg = Debug|Any CPU
		{8849A4E0-C267-44EE-928E-2622A4ED4EE1}.Debug|Any CPU.Build.0 = Debug|Any CPU
		{8849A4E0-C267-44EE-928E-2622A4ED4EE1}.Release|Any CPU.ActiveCfg = Release|Any CPU
		{8849A4E0-C267-44EE-928E-2622A4ED4EE1}.Release|Any CPU.Build.0 = Release|Any CPU
	EndGlobalSection
	GlobalSection(SolutionProperties) = preSolution
		HideSolutionNode = FALSE
	EndGlobalSection
	GlobalSection(ExtensibilityGlobals) = postSolution
		SolutionGuid = {E80C2429-1138-433F-B3F9-AC6B770E9BF5}
	EndGlobalSection
EndGlobal
